
Microsoft Visual Studio Solution File, Format Version 12.00
# Visual Studio 2012
Project("{FAE04EC0-301F-11D3-BF4B-00C04F79EFBC}") = "CEB.Inventarios", "CEB.Inventarios\CEB.Inventarios.csproj", "{6EB8DB17-8293-4A02-BAA7-B9D1E77468DA}"
EndProject
Project("{FAE04EC0-301F-11D3-BF4B-00C04F79EFBC}") = "ConectDataBase", "ConectDataBase\ConectDataBase.csproj", "{9A0A0FB6-1549-4D51-B600-6416F5B6122B}"
EndProject
Project("{FAE04EC0-301F-11D3-BF4B-00C04F79EFBC}") = "CabuSoft", "CabuSoft\CabuSoft.csproj", "{4C17478B-6BFA-46BE-87DD-C46AD0770620}"
EndProject
Project("{FAE04EC0-301F-11D3-BF4B-00C04F79EFBC}") = "CABU.Data", "CABU.Data\CABU.Data.csproj", "{72E18B8D-76EA-4D83-B3EE-555CBE5B8ED3}"
EndProject
Project("{6141683F-8A12-4E36-9623-2EB02B2C2303}") = "Setup2", "Setup2\Setup2.isproj", "{DCBC3BA8-11EA-49E3-B969-A14CE821AD69}"
EndProject
Project("{2150E333-8FDC-42A3-9474-1A3956D46DE8}") = ".nuget", ".nuget", "{DA52B244-BD69-49F0-95C4-79FE6E6AA8E5}"
	ProjectSection(SolutionItems) = preProject
		.nuget\NuGet.Config = .nuget\NuGet.Config
		.nuget\NuGet.exe = .nuget\NuGet.exe
		.nuget\NuGet.targets = .nuget\NuGet.targets
	EndProjectSection
EndProject
Global
	GlobalSection(TeamFoundationVersionControl) = preSolution
		SccNumberOfProjects = 6
		SccEnterpriseProvider = {4CA58AB2-18FA-4F8D-95D4-32DDF27D184C}
		SccTeamFoundationServer = https://cebsoft.visualstudio.com/
		SccLocalPath0 = .
		SccProjectUniqueName1 = CEB.Inventarios\\CEB.Inventarios.csproj
		SccProjectName1 = CEB.Inventarios
		SccLocalPath1 = CEB.Inventarios
		SccProjectUniqueName2 = ConectDataBase\\ConectDataBase.csproj
		SccProjectName2 = ConectDataBase
		SccLocalPath2 = ConectDataBase
		SccProjectUniqueName3 = CabuSoft\\CabuSoft.csproj
		SccProjectName3 = CabuSoft
		SccLocalPath3 = CabuSoft
		SccProjectUniqueName4 = CABU.Data\\CABU.Data.csproj
		SccProjectName4 = CABU.Data
		SccLocalPath4 = CABU.Data
		SccProjectUniqueName5 = Setup2\\Setup2.isproj
		SccProjectName5 = Setup2
		SccLocalPath5 = Setup2
	EndGlobalSection
	GlobalSection(SolutionConfigurationPlatforms) = preSolution
		CD_ROM|Any CPU = CD_ROM|Any CPU
		CD_ROM|Mixed Platforms = CD_ROM|Mixed Platforms
		CD_ROM|x86 = CD_ROM|x86
		Debug|Any CPU = Debug|Any CPU
		Debug|Mixed Platforms = Debug|Mixed Platforms
		Debug|x86 = Debug|x86
		DVD-5|Any CPU = DVD-5|Any CPU
		DVD-5|Mixed Platforms = DVD-5|Mixed Platforms
		DVD-5|x86 = DVD-5|x86
		Release|Any CPU = Release|Any CPU
		Release|Mixed Platforms = Release|Mixed Platforms
		Release|x86 = Release|x86
		SingleImage|Any CPU = SingleImage|Any CPU
		SingleImage|Mixed Platforms = SingleImage|Mixed Platforms
		SingleImage|x86 = SingleImage|x86
	EndGlobalSection
	GlobalSection(ProjectConfigurationPlatforms) = postSolution
		{6EB8DB17-8293-4A02-BAA7-B9D1E77468DA}.CD_ROM|Any CPU.ActiveCfg = Debug|x64
		{6EB8DB17-8293-4A02-BAA7-B9D1E77468DA}.CD_ROM|Mixed Platforms.ActiveCfg = Debug|x64
		{6EB8DB17-8293-4A02-BAA7-B9D1E77468DA}.CD_ROM|Mixed Platforms.Build.0 = Debug|x64
		{6EB8DB17-8293-4A02-BAA7-B9D1E77468DA}.CD_ROM|x86.ActiveCfg = Release|x64
		{6EB8DB17-8293-4A02-BAA7-B9D1E77468DA}.Debug|Any CPU.ActiveCfg = Debug|x64
		{6EB8DB17-8293-4A02-BAA7-B9D1E77468DA}.Debug|Mixed Platforms.ActiveCfg = Debug|x64
		{6EB8DB17-8293-4A02-BAA7-B9D1E77468DA}.Debug|Mixed Platforms.Build.0 = Debug|x64
		{6EB8DB17-8293-4A02-BAA7-B9D1E77468DA}.Debug|x86.ActiveCfg = Debug|x64
		{6EB8DB17-8293-4A02-BAA7-B9D1E77468DA}.Debug|x86.Build.0 = Debug|x64
		{6EB8DB17-8293-4A02-BAA7-B9D1E77468DA}.DVD-5|Any CPU.ActiveCfg = Debug|x64
		{6EB8DB17-8293-4A02-BAA7-B9D1E77468DA}.DVD-5|Mixed Platforms.ActiveCfg = Debug|x64
		{6EB8DB17-8293-4A02-BAA7-B9D1E77468DA}.DVD-5|Mixed Platforms.Build.0 = Debug|x64
		{6EB8DB17-8293-4A02-BAA7-B9D1E77468DA}.DVD-5|x86.ActiveCfg = Debug|x64
		{6EB8DB17-8293-4A02-BAA7-B9D1E77468DA}.Release|Any CPU.ActiveCfg = Release|x64
		{6EB8DB17-8293-4A02-BAA7-B9D1E77468DA}.Release|Mixed Platforms.ActiveCfg = Release|x64
		{6EB8DB17-8293-4A02-BAA7-B9D1E77468DA}.Release|Mixed Platforms.Build.0 = Release|x64
		{6EB8DB17-8293-4A02-BAA7-B9D1E77468DA}.Release|x86.ActiveCfg = Release|x64
		{6EB8DB17-8293-4A02-BAA7-B9D1E77468DA}.SingleImage|Any CPU.ActiveCfg = Debug|x64
		{6EB8DB17-8293-4A02-BAA7-B9D1E77468DA}.SingleImage|Mixed Platforms.ActiveCfg = Debug|x64
		{6EB8DB17-8293-4A02-BAA7-B9D1E77468DA}.SingleImage|Mixed Platforms.Build.0 = Debug|x64
		{6EB8DB17-8293-4A02-BAA7-B9D1E77468DA}.SingleImage|x86.ActiveCfg = Release|x64
		{9A0A0FB6-1549-4D51-B600-6416F5B6122B}.CD_ROM|Any CPU.ActiveCfg = Release|Any CPU
		{9A0A0FB6-1549-4D51-B600-6416F5B6122B}.CD_ROM|Any CPU.Build.0 = Release|Any CPU
		{9A0A0FB6-1549-4D51-B600-6416F5B6122B}.CD_ROM|Mixed Platforms.ActiveCfg = Release|Any CPU
		{9A0A0FB6-1549-4D51-B600-6416F5B6122B}.CD_ROM|Mixed Platforms.Build.0 = Release|Any CPU
		{9A0A0FB6-1549-4D51-B600-6416F5B6122B}.CD_ROM|x86.ActiveCfg = Release|Any CPU
		{9A0A0FB6-1549-4D51-B600-6416F5B6122B}.Debug|Any CPU.ActiveCfg = Debug|Any CPU
		{9A0A0FB6-1549-4D51-B600-6416F5B6122B}.Debug|Any CPU.Build.0 = Debug|Any CPU
		{9A0A0FB6-1549-4D51-B600-6416F5B6122B}.Debug|Mixed Platforms.ActiveCfg = Debug|Any CPU
		{9A0A0FB6-1549-4D51-B600-6416F5B6122B}.Debug|Mixed Platforms.Build.0 = Debug|Any CPU
		{9A0A0FB6-1549-4D51-B600-6416F5B6122B}.Debug|x86.ActiveCfg = Debug|Any CPU
		{9A0A0FB6-1549-4D51-B600-6416F5B6122B}.DVD-5|Any CPU.ActiveCfg = Debug|Any CPU
		{9A0A0FB6-1549-4D51-B600-6416F5B6122B}.DVD-5|Any CPU.Build.0 = Debug|Any CPU
		{9A0A0FB6-1549-4D51-B600-6416F5B6122B}.DVD-5|Mixed Platforms.ActiveCfg = Debug|Any CPU
		{9A0A0FB6-1549-4D51-B600-6416F5B6122B}.DVD-5|Mixed Platforms.Build.0 = Debug|Any CPU
		{9A0A0FB6-1549-4D51-B600-6416F5B6122B}.DVD-5|x86.ActiveCfg = Debug|Any CPU
		{9A0A0FB6-1549-4D51-B600-6416F5B6122B}.Release|Any CPU.ActiveCfg = Release|Any CPU
		{9A0A0FB6-1549-4D51-B600-6416F5B6122B}.Release|Any CPU.Build.0 = Release|Any CPU
		{9A0A0FB6-1549-4D51-B600-6416F5B6122B}.Release|Mixed Platforms.ActiveCfg = Release|Any CPU
		{9A0A0FB6-1549-4D51-B600-6416F5B6122B}.Release|Mixed Platforms.Build.0 = Release|Any CPU
		{9A0A0FB6-1549-4D51-B600-6416F5B6122B}.Release|x86.ActiveCfg = Release|Any CPU
		{9A0A0FB6-1549-4D51-B600-6416F5B6122B}.SingleImage|Any CPU.ActiveCfg = Release|Any CPU
		{9A0A0FB6-1549-4D51-B600-6416F5B6122B}.SingleImage|Any CPU.Build.0 = Release|Any CPU
		{9A0A0FB6-1549-4D51-B600-6416F5B6122B}.SingleImage|Mixed Platforms.ActiveCfg = Release|Any CPU
		{9A0A0FB6-1549-4D51-B600-6416F5B6122B}.SingleImage|Mixed Platforms.Build.0 = Release|Any CPU
		{9A0A0FB6-1549-4D51-B600-6416F5B6122B}.SingleImage|x86.ActiveCfg = Release|Any CPU
		{4C17478B-6BFA-46BE-87DD-C46AD0770620}.CD_ROM|Any CPU.ActiveCfg = Release|Any CPU
		{4C17478B-6BFA-46BE-87DD-C46AD0770620}.CD_ROM|Any CPU.Build.0 = Release|Any CPU
		{4C17478B-6BFA-46BE-87DD-C46AD0770620}.CD_ROM|Mixed Platforms.ActiveCfg = Release|Any CPU
		{4C17478B-6BFA-46BE-87DD-C46AD0770620}.CD_ROM|Mixed Platforms.Build.0 = Release|Any CPU
		{4C17478B-6BFA-46BE-87DD-C46AD0770620}.CD_ROM|x86.ActiveCfg = Release|Any CPU
		{4C17478B-6BFA-46BE-87DD-C46AD0770620}.Debug|Any CPU.ActiveCfg = Debug|Any CPU
		{4C17478B-6BFA-46BE-87DD-C46AD0770620}.Debug|Any CPU.Build.0 = Debug|Any CPU
		{4C17478B-6BFA-46BE-87DD-C46AD0770620}.Debug|Mixed Platforms.ActiveCfg = Debug|Any CPU
		{4C17478B-6BFA-46BE-87DD-C46AD0770620}.Debug|Mixed Platforms.Build.0 = Debug|Any CPU
		{4C17478B-6BFA-46BE-87DD-C46AD0770620}.Debug|x86.ActiveCfg = Debug|Any CPU
		{4C17478B-6BFA-46BE-87DD-C46AD0770620}.DVD-5|Any CPU.ActiveCfg = Debug|Any CPU
		{4C17478B-6BFA-46BE-87DD-C46AD0770620}.DVD-5|Any CPU.Build.0 = Debug|Any CPU
		{4C17478B-6BFA-46BE-87DD-C46AD0770620}.DVD-5|Mixed Platforms.ActiveCfg = Debug|Any CPU
		{4C17478B-6BFA-46BE-87DD-C46AD0770620}.DVD-5|Mixed Platforms.Build.0 = Debug|Any CPU
		{4C17478B-6BFA-46BE-87DD-C46AD0770620}.DVD-5|x86.ActiveCfg = Debug|Any CPU
		{4C17478B-6BFA-46BE-87DD-C46AD0770620}.Release|Any CPU.ActiveCfg = Release|Any CPU
		{4C17478B-6BFA-46BE-87DD-C46AD0770620}.Release|Any CPU.Build.0 = Release|Any CPU
		{4C17478B-6BFA-46BE-87DD-C46AD0770620}.Release|Mixed Platforms.ActiveCfg = Release|Any CPU
		{4C17478B-6BFA-46BE-87DD-C46AD0770620}.Release|Mixed Platforms.Build.0 = Release|Any CPU
		{4C17478B-6BFA-46BE-87DD-C46AD0770620}.Release|x86.ActiveCfg = Release|Any CPU
		{4C17478B-6BFA-46BE-87DD-C46AD0770620}.SingleImage|Any CPU.ActiveCfg = Release|Any CPU
		{4C17478B-6BFA-46BE-87DD-C46AD0770620}.SingleImage|Any CPU.Build.0 = Release|Any CPU
		{4C17478B-6BFA-46BE-87DD-C46AD0770620}.SingleImage|Mixed Platforms.ActiveCfg = Release|Any CPU
		{4C17478B-6BFA-46BE-87DD-C46AD0770620}.SingleImage|Mixed Platforms.Build.0 = Release|Any CPU
		{4C17478B-6BFA-46BE-87DD-C46AD0770620}.SingleImage|x86.ActiveCfg = Release|Any CPU
		{72E18B8D-76EA-4D83-B3EE-555CBE5B8ED3}.CD_ROM|Any CPU.ActiveCfg = Release|Any CPU
		{72E18B8D-76EA-4D83-B3EE-555CBE5B8ED3}.CD_ROM|Any CPU.Build.0 = Release|Any CPU
		{72E18B8D-76EA-4D83-B3EE-555CBE5B8ED3}.CD_ROM|Mixed Platforms.ActiveCfg = Release|Any CPU
		{72E18B8D-76EA-4D83-B3EE-555CBE5B8ED3}.CD_ROM|Mixed Platforms.Build.0 = Release|Any CPU
		{72E18B8D-76EA-4D83-B3EE-555CBE5B8ED3}.CD_ROM|x86.ActiveCfg = Release|Any CPU
		{72E18B8D-76EA-4D83-B3EE-555CBE5B8ED3}.Debug|Any CPU.ActiveCfg = Debug|Any CPU
		{72E18B8D-76EA-4D83-B3EE-555CBE5B8ED3}.Debug|Any CPU.Build.0 = Debug|Any CPU
		{72E18B8D-76EA-4D83-B3EE-555CBE5B8ED3}.Debug|Mixed Platforms.ActiveCfg = Debug|Any CPU
		{72E18B8D-76EA-4D83-B3EE-555CBE5B8ED3}.Debug|Mixed Platforms.Build.0 = Debug|Any CPU
		{72E18B8D-76EA-4D83-B3EE-555CBE5B8ED3}.Debug|x86.ActiveCfg = Debug|Any CPU
		{72E18B8D-76EA-4D83-B3EE-555CBE5B8ED3}.DVD-5|Any CPU.ActiveCfg = Debug|Any CPU
		{72E18B8D-76EA-4D83-B3EE-555CBE5B8ED3}.DVD-5|Any CPU.Build.0 = Debug|Any CPU
		{72E18B8D-76EA-4D83-B3EE-555CBE5B8ED3}.DVD-5|Mixed Platforms.ActiveCfg = Debug|Any CPU
		{72E18B8D-76EA-4D83-B3EE-555CBE5B8ED3}.DVD-5|Mixed Platforms.Build.0 = Debug|Any CPU
		{72E18B8D-76EA-4D83-B3EE-555CBE5B8ED3}.DVD-5|x86.ActiveCfg = Debug|Any CPU
		{72E18B8D-76EA-4D83-B3EE-555CBE5B8ED3}.Release|Any CPU.ActiveCfg = Release|Any CPU
		{72E18B8D-76EA-4D83-B3EE-555CBE5B8ED3}.Release|Any CPU.Build.0 = Release|Any CPU
		{72E18B8D-76EA-4D83-B3EE-555CBE5B8ED3}.Release|Mixed Platforms.ActiveCfg = Release|Any CPU
		{72E18B8D-76EA-4D83-B3EE-555CBE5B8ED3}.Release|Mixed Platforms.Build.0 = Release|Any CPU
		{72E18B8D-76EA-4D83-B3EE-555CBE5B8ED3}.Release|x86.ActiveCfg = Release|Any CPU
		{72E18B8D-76EA-4D83-B3EE-555CBE5B8ED3}.SingleImage|Any CPU.ActiveCfg = Release|Any CPU
		{72E18B8D-76EA-4D83-B3EE-555CBE5B8ED3}.SingleImage|Any CPU.Build.0 = Release|Any CPU
		{72E18B8D-76EA-4D83-B3EE-555CBE5B8ED3}.SingleImage|Mixed Platforms.ActiveCfg = Release|Any CPU
		{72E18B8D-76EA-4D83-B3EE-555CBE5B8ED3}.SingleImage|Mixed Platforms.Build.0 = Release|Any CPU
		{72E18B8D-76EA-4D83-B3EE-555CBE5B8ED3}.SingleImage|x86.ActiveCfg = Release|Any CPU
		{DCBC3BA8-11EA-49E3-B969-A14CE821AD69}.CD_ROM|Any CPU.ActiveCfg = CD_ROM
		{DCBC3BA8-11EA-49E3-B969-A14CE821AD69}.CD_ROM|Any CPU.Build.0 = CD_ROM
		{DCBC3BA8-11EA-49E3-B969-A14CE821AD69}.CD_ROM|Mixed Platforms.ActiveCfg = CD_ROM
		{DCBC3BA8-11EA-49E3-B969-A14CE821AD69}.CD_ROM|Mixed Platforms.Build.0 = CD_ROM
		{DCBC3BA8-11EA-49E3-B969-A14CE821AD69}.CD_ROM|x86.ActiveCfg = CD_ROM
		{DCBC3BA8-11EA-49E3-B969-A14CE821AD69}.CD_ROM|x86.Build.0 = CD_ROM
		{DCBC3BA8-11EA-49E3-B969-A14CE821AD69}.Debug|Any CPU.ActiveCfg = DVD-5
		{DCBC3BA8-11EA-49E3-B969-A14CE821AD69}.Debug|Any CPU.Build.0 = DVD-5
		{DCBC3BA8-11EA-49E3-B969-A14CE821AD69}.Debug|Mixed Platforms.ActiveCfg = DVD-5
		{DCBC3BA8-11EA-49E3-B969-A14CE821AD69}.Debug|Mixed Platforms.Build.0 = DVD-5
		{DCBC3BA8-11EA-49E3-B969-A14CE821AD69}.Debug|x86.ActiveCfg = DVD-5
		{DCBC3BA8-11EA-49E3-B969-A14CE821AD69}.Debug|x86.Build.0 = DVD-5
		{DCBC3BA8-11EA-49E3-B969-A14CE821AD69}.DVD-5|Any CPU.ActiveCfg = DVD-5
		{DCBC3BA8-11EA-49E3-B969-A14CE821AD69}.DVD-5|Any CPU.Build.0 = DVD-5
		{DCBC3BA8-11EA-49E3-B969-A14CE821AD69}.DVD-5|Mixed Platforms.ActiveCfg = DVD-5
		{DCBC3BA8-11EA-49E3-B969-A14CE821AD69}.DVD-5|Mixed Platforms.Build.0 = DVD-5
		{DCBC3BA8-11EA-49E3-B969-A14CE821AD69}.DVD-5|x86.ActiveCfg = DVD-5
		{DCBC3BA8-11EA-49E3-B969-A14CE821AD69}.DVD-5|x86.Build.0 = DVD-5
		{DCBC3BA8-11EA-49E3-B969-A14CE821AD69}.Release|Any CPU.ActiveCfg = SingleImage
		{DCBC3BA8-11EA-49E3-B969-A14CE821AD69}.Release|Any CPU.Build.0 = SingleImage
		{DCBC3BA8-11EA-49E3-B969-A14CE821AD69}.Release|Mixed Platforms.ActiveCfg = SingleImage
		{DCBC3BA8-11EA-49E3-B969-A14CE821AD69}.Release|Mixed Platforms.Build.0 = SingleImage
		{DCBC3BA8-11EA-49E3-B969-A14CE821AD69}.Release|x86.ActiveCfg = SingleImage
		{DCBC3BA8-11EA-49E3-B969-A14CE821AD69}.Release|x86.Build.0 = SingleImage
		{DCBC3BA8-11EA-49E3-B969-A14CE821AD69}.SingleImage|Any CPU.ActiveCfg = SingleImage
		{DCBC3BA8-11EA-49E3-B969-A14CE821AD69}.SingleImage|Any CPU.Build.0 = SingleImage
		{DCBC3BA8-11EA-49E3-B969-A14CE821AD69}.SingleImage|Mixed Platforms.ActiveCfg = SingleImage
		{DCBC3BA8-11EA-49E3-B969-A14CE821AD69}.SingleImage|Mixed Platforms.Build.0 = SingleImage
		{DCBC3BA8-11EA-49E3-B969-A14CE821AD69}.SingleImage|x86.ActiveCfg = SingleImage
		{DCBC3BA8-11EA-49E3-B969-A14CE821AD69}.SingleImage|x86.Build.0 = SingleImage
	EndGlobalSection
	GlobalSection(SolutionProperties) = preSolution
		HideSolutionNode = FALSE
	EndGlobalSection
EndGlobal
